
Microsoft Visual Studio Solution File, Format Version 12.00
# Visual Studio Version 16
VisualStudioVersion = 16.0.30711.63
MinimumVisualStudioVersion = 10.0.40219.1
Project("{9A19103F-16F7-4668-BE54-9A1E7A4F7556}") = "Business", "..\Course06\Business\Business.csproj", "{AA60BFBE-BFF2-48CC-B19B-CD999BDFF19C}"
EndProject
Project("{9A19103F-16F7-4668-BE54-9A1E7A4F7556}") = "ConsoleUI", "..\Course06\ConsoleUI\ConsoleUI.csproj", "{640C10A3-D6C4-448D-A75F-C2E67019583E}"
EndProject
Project("{9A19103F-16F7-4668-BE54-9A1E7A4F7556}") = "DataAccess", "..\Course06\DataAccess\DataAccess.csproj", "{96EE869D-4ADE-4EC5-A9B5-C74E0363426D}"
EndProject
Project("{9A19103F-16F7-4668-BE54-9A1E7A4F7556}") = "Entities", "..\Course06\Entities\Entities.csproj", "{9FD011ED-24AD-42E2-BF2F-752B39CC3B76}"
EndProject
Global
	GlobalSection(SolutionConfigurationPlatforms) = preSolution
		Debug|Any CPU = Debug|Any CPU
		Release|Any CPU = Release|Any CPU
	EndGlobalSection
	GlobalSection(ProjectConfigurationPlatforms) = postSolution
		{AA60BFBE-BFF2-48CC-B19B-CD999BDFF19C}.Debug|Any CPU.ActiveCfg = Debug|Any CPU
		{AA60BFBE-BFF2-48CC-B19B-CD999BDFF19C}.Debug|Any CPU.Build.0 = Debug|Any CPU
		{AA60BFBE-BFF2-48CC-B19B-CD999BDFF19C}.Release|Any CPU.ActiveCfg = Release|Any CPU
		{AA60BFBE-BFF2-48CC-B19B-CD999BDFF19C}.Release|Any CPU.Build.0 = Release|Any CPU
		{640C10A3-D6C4-448D-A75F-C2E67019583E}.Debug|Any CPU.ActiveCfg = Debug|Any CPU
		{640C10A3-D6C4-448D-A75F-C2E67019583E}.Debug|Any CPU.Build.0 = Debug|Any CPU
		{640C10A3-D6C4-448D-A75F-C2E67019583E}.Release|Any CPU.ActiveCfg = Release|Any CPU
		{640C10A3-D6C4-448D-A75F-C2E67019583E}.Release|Any CPU.Build.0 = Release|Any CPU
		{96EE869D-4ADE-4EC5-A9B5-C74E0363426D}.Debug|Any CPU.ActiveCfg = Debug|Any CPU
		{96EE869D-4ADE-4EC5-A9B5-C74E0363426D}.Debug|Any CPU.Build.0 = Debug|Any CPU
		{96EE869D-4ADE-4EC5-A9B5-C74E0363426D}.Release|Any CPU.ActiveCfg = Release|Any CPU
		{96EE869D-4ADE-4EC5-A9B5-C74E0363426D}.Release|Any CPU.Build.0 = Release|Any CPU
		{9FD011ED-24AD-42E2-BF2F-752B39CC3B76}.Debug|Any CPU.ActiveCfg = Debug|Any CPU
		{9FD011ED-24AD-42E2-BF2F-752B39CC3B76}.Debug|Any CPU.Build.0 = Debug|Any CPU
		{9FD011ED-24AD-42E2-BF2F-752B39CC3B76}.Release|Any CPU.ActiveCfg = Release|Any CPU
		{9FD011ED-24AD-42E2-BF2F-752B39CC3B76}.Release|Any CPU.Build.0 = Release|Any CPU
	EndGlobalSection
	GlobalSection(SolutionProperties) = preSolution
		HideSolutionNode = FALSE
	EndGlobalSection
	GlobalSection(ExtensibilityGlobals) = postSolution
		SolutionGuid = {199F7FAC-707F-4901-892E-8E32CF8EB03E}
	EndGlobalSection
EndGlobal
