
Microsoft Visual Studio Solution File, Format Version 12.00
# Visual Studio Version 16
VisualStudioVersion = 16.0.30711.63
MinimumVisualStudioVersion = 10.0.40219.1
Project("{FAE04EC0-301F-11D3-BF4B-00C04F79EFBC}") = "Sample01", "Sample01\Sample01.csproj", "{CE853F48-4FFA-4821-9F01-F5F03F62C7B1}"
EndProject
Global
	GlobalSection(SolutionConfigurationPlatforms) = preSolution
		Debug|Any CPU = Debug|Any CPU
		Release|Any CPU = Release|Any CPU
	EndGlobalSection
	GlobalSection(ProjectConfigurationPlatforms) = postSolution
		{CE853F48-4FFA-4821-9F01-F5F03F62C7B1}.Debug|Any CPU.ActiveCfg = Debug|Any CPU
		{CE853F48-4FFA-4821-9F01-F5F03F62C7B1}.Debug|Any CPU.Build.0 = Debug|Any CPU
		{CE853F48-4FFA-4821-9F01-F5F03F62C7B1}.Release|Any CPU.ActiveCfg = Release|Any CPU
		{CE853F48-4FFA-4821-9F01-F5F03F62C7B1}.Release|Any CPU.Build.0 = Release|Any CPU
	EndGlobalSection
	GlobalSection(SolutionProperties) = preSolution
		HideSolutionNode = FALSE
	EndGlobalSection
	GlobalSection(ExtensibilityGlobals) = postSolution
		SolutionGuid = {1BE811E4-C8EE-4965-8E11-3191D2909213}
	EndGlobalSection
EndGlobal
